
Microsoft Visual Studio Solution File, Format Version 12.00
# Visual Studio Version 17
VisualStudioVersion = 17.10.34928.147
MinimumVisualStudioVersion = 10.0.40219.1
Project("{FAE04EC0-301F-11D3-BF4B-00C04F79EFBC}") = "Menu", "Menu\Menu.csproj", "{63C972AD-9D74-4D03-BDD8-D855CCD3CA9A}"
EndProject
Global
	GlobalSection(SolutionConfigurationPlatforms) = preSolution
		Debug|Any CPU = Debug|Any CPU
		Release|Any CPU = Release|Any CPU
	EndGlobalSection
	GlobalSection(ProjectConfigurationPlatforms) = postSolution
		{63C972AD-9D74-4D03-BDD8-D855CCD3CA9A}.Debug|Any CPU.ActiveCfg = Debug|Any CPU
		{63C972AD-9D74-4D03-BDD8-D855CCD3CA9A}.Debug|Any CPU.Build.0 = Debug|Any CPU
		{63C972AD-9D74-4D03-BDD8-D855CCD3CA9A}.Release|Any CPU.ActiveCfg = Release|Any CPU
		{63C972AD-9D74-4D03-BDD8-D855CCD3CA9A}.Release|Any CPU.Build.0 = Release|Any CPU
	EndGlobalSection
	GlobalSection(SolutionProperties) = preSolution
		HideSolutionNode = FALSE
	EndGlobalSection
	GlobalSection(ExtensibilityGlobals) = postSolution
		SolutionGuid = {AB865593-22F5-44CE-9747-137B7A0EEA1A}
	EndGlobalSection
EndGlobal
